
Microsoft Visual Studio Solution File, Format Version 12.00
# Visual Studio 14
VisualStudioVersion = 14.0.25420.1
MinimumVisualStudioVersion = 10.0.40219.1
Project("{FAE04EC0-301F-11D3-BF4B-00C04F79EFBC}") = "OnlineMonitoringLog.UI_WPF", "OnlineMonitoringLog.UI_WPF\OnlineMonitoringLog.UI_WPF.csproj", "{33D8F193-99EF-4134-A25B-5F3659774EE8}"
EndProject
Project("{FAE04EC0-301F-11D3-BF4B-00C04F79EFBC}") = "lib60870", "..\lib60870.NET-2.1.0\lib60870\lib60870.csproj", "{F604286A-1AFC-4355-8C2C-A998CFCEE979}"
EndProject
Project("{FAE04EC0-301F-11D3-BF4B-00C04F79EFBC}") = "cs104-server", "..\lib60870.NET-2.1.0\examples\cs104-server\cs104-server.csproj", "{04DB887E-3123-4C21-8B39-11168D1F5198}"
EndProject
Project("{FAE04EC0-301F-11D3-BF4B-00C04F79EFBC}") = "cs104-client1", "..\lib60870.NET-2.1.0\examples\cs104-client1\cs104-client1.csproj", "{608CD6D9-91FC-419F-A0F6-2091E0B6D469}"
EndProject
Project("{FAE04EC0-301F-11D3-BF4B-00C04F79EFBC}") = "OnlineMonitoringLog.Core", "..\OnlineMonitoringLog.Core\OnlineMonitoringLog.Core\OnlineMonitoringLog.Core.csproj", "{AC744C57-E4A7-40F5-A021-50AFA6A1F2BF}"
EndProject
Global
	GlobalSection(SolutionConfigurationPlatforms) = preSolution
		Debug|Any CPU = Debug|Any CPU
		Debug|x86 = Debug|x86
		Release|Any CPU = Release|Any CPU
		Release|x86 = Release|x86
	EndGlobalSection
	GlobalSection(ProjectConfigurationPlatforms) = postSolution
		{33D8F193-99EF-4134-A25B-5F3659774EE8}.Debug|Any CPU.ActiveCfg = Debug|Any CPU
		{33D8F193-99EF-4134-A25B-5F3659774EE8}.Debug|Any CPU.Build.0 = Debug|Any CPU
		{33D8F193-99EF-4134-A25B-5F3659774EE8}.Debug|x86.ActiveCfg = Debug|Any CPU
		{33D8F193-99EF-4134-A25B-5F3659774EE8}.Debug|x86.Build.0 = Debug|Any CPU
		{33D8F193-99EF-4134-A25B-5F3659774EE8}.Release|Any CPU.ActiveCfg = Release|Any CPU
		{33D8F193-99EF-4134-A25B-5F3659774EE8}.Release|Any CPU.Build.0 = Release|Any CPU
		{33D8F193-99EF-4134-A25B-5F3659774EE8}.Release|x86.ActiveCfg = Release|Any CPU
		{33D8F193-99EF-4134-A25B-5F3659774EE8}.Release|x86.Build.0 = Release|Any CPU
		{F604286A-1AFC-4355-8C2C-A998CFCEE979}.Debug|Any CPU.ActiveCfg = Debug|x86
		{F604286A-1AFC-4355-8C2C-A998CFCEE979}.Debug|x86.ActiveCfg = Debug|x86
		{F604286A-1AFC-4355-8C2C-A998CFCEE979}.Debug|x86.Build.0 = Debug|x86
		{F604286A-1AFC-4355-8C2C-A998CFCEE979}.Release|Any CPU.ActiveCfg = Release|x86
		{F604286A-1AFC-4355-8C2C-A998CFCEE979}.Release|x86.ActiveCfg = Release|x86
		{F604286A-1AFC-4355-8C2C-A998CFCEE979}.Release|x86.Build.0 = Release|x86
		{04DB887E-3123-4C21-8B39-11168D1F5198}.Debug|Any CPU.ActiveCfg = Debug|x86
		{04DB887E-3123-4C21-8B39-11168D1F5198}.Debug|x86.ActiveCfg = Debug|x86
		{04DB887E-3123-4C21-8B39-11168D1F5198}.Debug|x86.Build.0 = Debug|x86
		{04DB887E-3123-4C21-8B39-11168D1F5198}.Release|Any CPU.ActiveCfg = Release|x86
		{04DB887E-3123-4C21-8B39-11168D1F5198}.Release|x86.ActiveCfg = Release|x86
		{04DB887E-3123-4C21-8B39-11168D1F5198}.Release|x86.Build.0 = Release|x86
		{608CD6D9-91FC-419F-A0F6-2091E0B6D469}.Debug|Any CPU.ActiveCfg = Debug|x86
		{608CD6D9-91FC-419F-A0F6-2091E0B6D469}.Debug|x86.ActiveCfg = Debug|x86
		{608CD6D9-91FC-419F-A0F6-2091E0B6D469}.Debug|x86.Build.0 = Debug|x86
		{608CD6D9-91FC-419F-A0F6-2091E0B6D469}.Release|Any CPU.ActiveCfg = Release|x86
		{608CD6D9-91FC-419F-A0F6-2091E0B6D469}.Release|x86.ActiveCfg = Release|x86
		{608CD6D9-91FC-419F-A0F6-2091E0B6D469}.Release|x86.Build.0 = Release|x86
		{AC744C57-E4A7-40F5-A021-50AFA6A1F2BF}.Debug|Any CPU.ActiveCfg = Debug|Any CPU
		{AC744C57-E4A7-40F5-A021-50AFA6A1F2BF}.Debug|Any CPU.Build.0 = Debug|Any CPU
		{AC744C57-E4A7-40F5-A021-50AFA6A1F2BF}.Debug|x86.ActiveCfg = Debug|Any CPU
		{AC744C57-E4A7-40F5-A021-50AFA6A1F2BF}.Debug|x86.Build.0 = Debug|Any CPU
		{AC744C57-E4A7-40F5-A021-50AFA6A1F2BF}.Release|Any CPU.ActiveCfg = Release|Any CPU
		{AC744C57-E4A7-40F5-A021-50AFA6A1F2BF}.Release|Any CPU.Build.0 = Release|Any CPU
		{AC744C57-E4A7-40F5-A021-50AFA6A1F2BF}.Release|x86.ActiveCfg = Release|Any CPU
		{AC744C57-E4A7-40F5-A021-50AFA6A1F2BF}.Release|x86.Build.0 = Release|Any CPU
	EndGlobalSection
	GlobalSection(SolutionProperties) = preSolution
		HideSolutionNode = FALSE
	EndGlobalSection
EndGlobal
